
Microsoft Visual Studio Solution File, Format Version 12.00
# Visual Studio Version 17
VisualStudioVersion = 17.10.35013.160
MinimumVisualStudioVersion = 10.0.40219.1
Project("{2150E333-8FDC-42A3-9474-1A3956D46DE8}") = "ソリューション項目", "ソリューション項目", "{C797384A-12AA-4542-8B2E-004A1B666B3C}"
	ProjectSection(SolutionItems) = preProject
		.editorconfig = .editorconfig
	EndProjectSection
EndProject
Project("{8BC9CEB8-8B4A-11D0-8D11-00A0C91BC942}") = "DirectXTex", "externals\DirectXTex\DirectXTex_Desktop_2022_Win10.vcxproj", "{371B9FA9-4C90-4AC6-A123-ACED756D6C77}"
EndProject
Project("{2150E333-8FDC-42A3-9474-1A3956D46DE8}") = "External", "External", "{BEB683CA-8CF3-4545-BE9F-9C21F48C7D1F}"
EndProject
Project("{8BC9CEB8-8B4A-11D0-8D11-00A0C91BC942}") = "imgui", "externals\imgui\imgui.vcxproj", "{0AA149AB-5699-40CE-9E94-7007000CEB29}"
EndProject
Project("{8BC9CEB8-8B4A-11D0-8D11-00A0C91BC942}") = "DeathsDoor", "DeathsDoor.vcxproj", "{A75EB43D-A0A1-4770-9630-303DC69102D1}"
EndProject
Global
	GlobalSection(SolutionConfigurationPlatforms) = preSolution
		Debug|x64 = Debug|x64
		Profile|x64 = Profile|x64
		Release|x64 = Release|x64
	EndGlobalSection
	GlobalSection(ProjectConfigurationPlatforms) = postSolution
		{371B9FA9-4C90-4AC6-A123-ACED756D6C77}.Debug|x64.ActiveCfg = Debug|x64
		{371B9FA9-4C90-4AC6-A123-ACED756D6C77}.Debug|x64.Build.0 = Debug|x64
		{371B9FA9-4C90-4AC6-A123-ACED756D6C77}.Profile|x64.ActiveCfg = Profile|x64
		{371B9FA9-4C90-4AC6-A123-ACED756D6C77}.Profile|x64.Build.0 = Profile|x64
		{371B9FA9-4C90-4AC6-A123-ACED756D6C77}.Release|x64.ActiveCfg = Release|x64
		{371B9FA9-4C90-4AC6-A123-ACED756D6C77}.Release|x64.Build.0 = Release|x64
		{0AA149AB-5699-40CE-9E94-7007000CEB29}.Debug|x64.ActiveCfg = Debug|x64
		{0AA149AB-5699-40CE-9E94-7007000CEB29}.Debug|x64.Build.0 = Debug|x64
		{0AA149AB-5699-40CE-9E94-7007000CEB29}.Profile|x64.ActiveCfg = Debug|x64
		{0AA149AB-5699-40CE-9E94-7007000CEB29}.Profile|x64.Build.0 = Debug|x64
		{0AA149AB-5699-40CE-9E94-7007000CEB29}.Release|x64.ActiveCfg = Release|x64
		{0AA149AB-5699-40CE-9E94-7007000CEB29}.Release|x64.Build.0 = Release|x64
		{A75EB43D-A0A1-4770-9630-303DC69102D1}.Debug|x64.ActiveCfg = Debug|x64
		{A75EB43D-A0A1-4770-9630-303DC69102D1}.Debug|x64.Build.0 = Debug|x64
		{A75EB43D-A0A1-4770-9630-303DC69102D1}.Profile|x64.ActiveCfg = Release|x64
		{A75EB43D-A0A1-4770-9630-303DC69102D1}.Profile|x64.Build.0 = Release|x64
		{A75EB43D-A0A1-4770-9630-303DC69102D1}.Release|x64.ActiveCfg = Release|x64
		{A75EB43D-A0A1-4770-9630-303DC69102D1}.Release|x64.Build.0 = Release|x64
	EndGlobalSection
	GlobalSection(SolutionProperties) = preSolution
		HideSolutionNode = FALSE
	EndGlobalSection
	GlobalSection(NestedProjects) = preSolution
		{371B9FA9-4C90-4AC6-A123-ACED756D6C77} = {BEB683CA-8CF3-4545-BE9F-9C21F48C7D1F}
		{0AA149AB-5699-40CE-9E94-7007000CEB29} = {BEB683CA-8CF3-4545-BE9F-9C21F48C7D1F}
	EndGlobalSection
	GlobalSection(ExtensibilityGlobals) = postSolution
		SolutionGuid = {82BCBD99-35BB-42C2-ABFB-B7E9AEFADEC0}
	EndGlobalSection
EndGlobal
